// !$*UTF8*$!
{
	archiveVersion = 1;
	classes = {
	};
	objectVersion = 77;
	objects = {

/* Begin PBXContainerItemProxy section */
		3CE9663C2D6ABA2200DA0A73 /* PBXContainerItemProxy */ = {
			isa = PBXContainerItemProxy;
			containerPortal = 3CE966232D6ABA2000DA0A73 /* Project object */;
			proxyType = 1;
			remoteGlobalIDString = 3CE9662A2D6ABA2000DA0A73;
			remoteInfo = TideTimes;
		};
		3CE966462D6ABA2200DA0A73 /* PBXContainerItemProxy */ = {
			isa = PBXContainerItemProxy;
			containerPortal = 3CE966232D6ABA2000DA0A73 /* Project object */;
			proxyType = 1;
			remoteGlobalIDString = 3CE9662A2D6ABA2000DA0A73;
			remoteInfo = TideTimes;
		};
/* End PBXContainerItemProxy section */

/* Begin PBXFileReference section */
		3CE9662B2D6ABA2000DA0A73 /* TideTimes.app */ = {isa = PBXFileReference; explicitFileType = wrapper.application; includeInIndex = 0; path = TideTimes.app; sourceTree = BUILT_PRODUCTS_DIR; };
		3CE9663B2D6ABA2200DA0A73 /* TideTimesTests.xctest */ = {isa = PBXFileReference; explicitFileType = wrapper.cfbundle; includeInIndex = 0; path = TideTimesTests.xctest; sourceTree = BUILT_PRODUCTS_DIR; };
		3CE966452D6ABA2200DA0A73 /* TideTimesUITests.xctest */ = {isa = PBXFileReference; explicitFileType = wrapper.cfbundle; includeInIndex = 0; path = TideTimesUITests.xctest; sourceTree = BUILT_PRODUCTS_DIR; };
/* End PBXFileReference section */

/* Begin PBXFileSystemSynchronizedRootGroup section */
		3CE9662D2D6ABA2000DA0A73 /* TideTimes */ = {
			isa = PBXFileSystemSynchronizedRootGroup;
			path = TideTimes;
			sourceTree = "<group>";
		};
		3CE9663E2D6ABA2200DA0A73 /* TideTimesTests */ = {
			isa = PBXFileSystemSynchronizedRootGroup;
			path = TideTimesTests;
			sourceTree = "<group>";
		};
		3CE966482D6ABA2200DA0A73 /* TideTimesUITests */ = {
			isa = PBXFileSystemSynchronizedRootGroup;
			path = TideTimesUITests;
			sourceTree = "<group>";
		};
/* End PBXFileSystemSynchronizedRootGroup section */

/* Begin PBXFrameworksBuildPhase section */
		3CE966282D6ABA2000DA0A73 /* Frameworks */ = {
			isa = PBXFrameworksBuildPhase;
			buildActionMask = 2147483647;
			files = (
			);
			runOnlyForDeploymentPostprocessing = 0;
		};
		3CE966382D6ABA2200DA0A73 /* Frameworks */ = {
			isa = PBXFrameworksBuildPhase;
			buildActionMask = 2147483647;
			files = (
			);
			runOnlyForDeploymentPostprocessing = 0;
		};
		3CE966422D6ABA2200DA0A73 /* Frameworks */ = {
			isa = PBXFrameworksBuildPhase;
			buildActionMask = 2147483647;
			files = (
			);
			runOnlyForDeploymentPostprocessing = 0;
		};
/* End PBXFrameworksBuildPhase section */

/* Begin PBXGroup section */
		3CE966222D6ABA2000DA0A73 = {
			isa = PBXGroup;
			children = (
				3CE9662D2D6ABA2000DA0A73 /* TideTimes */,
				3CE9663E2D6ABA2200DA0A73 /* TideTimesTests */,
				3CE966482D6ABA2200DA0A73 /* TideTimesUITests */,
				3CE9662C2D6ABA2000DA0A73 /* Products */,
			);
			sourceTree = "<group>";
		};
		3CE9662C2D6ABA2000DA0A73 /* Products */ = {
			isa = PBXGroup;
			children = (
				3CE9662B2D6ABA2000DA0A73 /* TideTimes.app */,
				3CE9663B2D6ABA2200DA0A73 /* TideTimesTests.xctest */,
				3CE966452D6ABA2200DA0A73 /* TideTimesUITests.xctest */,
			);
			name = Products;
			sourceTree = "<group>";
		};
/* End PBXGroup section */

/* Begin PBXNativeTarget section */
		3CE9662A2D6ABA2000DA0A73 /* TideTimes */ = {
			isa = PBXNativeTarget;
			buildConfigurationList = 3CE9664F2D6ABA2200DA0A73 /* Build configuration list for PBXNativeTarget "TideTimes" */;
			buildPhases = (
				3CE966272D6ABA2000DA0A73 /* Sources */,
				3CE966282D6ABA2000DA0A73 /* Frameworks */,
				3CE966292D6ABA2000DA0A73 /* Resources */,
			);
			buildRules = (
			);
			dependencies = (
			);
			fileSystemSynchronizedGroups = (
				3CE9662D2D6ABA2000DA0A73 /* TideTimes */,
			);
			name = TideTimes;
			packageProductDependencies = (
			);
			productName = TideTimes;
			productReference = 3CE9662B2D6ABA2000DA0A73 /* TideTimes.app */;
			productType = "com.apple.product-type.application";
		};
		3CE9663A2D6ABA2200DA0A73 /* TideTimesTests */ = {
			isa = PBXNativeTarget;
			buildConfigurationList = 3CE966522D6ABA2200DA0A73 /* Build configuration list for PBXNativeTarget "TideTimesTests" */;
			buildPhases = (
				3CE966372D6ABA2200DA0A73 /* Sources */,
				3CE966382D6ABA2200DA0A73 /* Frameworks */,
				3CE966392D6ABA2200DA0A73 /* Resources */,
			);
			buildRules = (
			);
			dependencies = (
				3CE9663D2D6ABA2200DA0A73 /* PBXTargetDependency */,
			);
			fileSystemSynchronizedGroups = (
				3CE9663E2D6ABA2200DA0A73 /* TideTimesTests */,
			);
			name = TideTimesTests;
			packageProductDependencies = (
			);
			productName = TideTimesTests;
			productReference = 3CE9663B2D6ABA2200DA0A73 /* TideTimesTests.xctest */;
			productType = "com.apple.product-type.bundle.unit-test";
		};
		3CE966442D6ABA2200DA0A73 /* TideTimesUITests */ = {
			isa = PBXNativeTarget;
			buildConfigurationList = 3CE966552D6ABA2200DA0A73 /* Build configuration list for PBXNativeTarget "TideTimesUITests" */;
			buildPhases = (
				3CE966412D6ABA2200DA0A73 /* Sources */,
				3CE966422D6ABA2200DA0A73 /* Frameworks */,
				3CE966432D6ABA2200DA0A73 /* Resources */,
			);
			buildRules = (
			);
			dependencies = (
				3CE966472D6ABA2200DA0A73 /* PBXTargetDependency */,
			);
			fileSystemSynchronizedGroups = (
				3CE966482D6ABA2200DA0A73 /* TideTimesUITests */,
			);
			name = TideTimesUITests;
			packageProductDependencies = (
			);
			productName = TideTimesUITests;
			productReference = 3CE966452D6ABA2200DA0A73 /* TideTimesUITests.xctest */;
			productType = "com.apple.product-type.bundle.ui-testing";
		};
/* End PBXNativeTarget section */

/* Begin PBXProject section */
		3CE966232D6ABA2000DA0A73 /* Project object */ = {
			isa = PBXProject;
			attributes = {
				BuildIndependentTargetsInParallel = 1;
				LastSwiftUpdateCheck = 1620;
				LastUpgradeCheck = 1620;
				TargetAttributes = {
					3CE9662A2D6ABA2000DA0A73 = {
						CreatedOnToolsVersion = 16.2;
					};
					3CE9663A2D6ABA2200DA0A73 = {
						CreatedOnToolsVersion = 16.2;
						TestTargetID = 3CE9662A2D6ABA2000DA0A73;
					};
					3CE966442D6ABA2200DA0A73 = {
						CreatedOnToolsVersion = 16.2;
						TestTargetID = 3CE9662A2D6ABA2000DA0A73;
					};
				};
			};
			buildConfigurationList = 3CE966262D6ABA2000DA0A73 /* Build configuration list for PBXProject "TideTimes" */;
			developmentRegion = en;
			hasScannedForEncodings = 0;
			knownRegions = (
				en,
				Base,
			);
			mainGroup = 3CE966222D6ABA2000DA0A73;
			minimizedProjectReferenceProxies = 1;
			preferredProjectObjectVersion = 77;
			productRefGroup = 3CE9662C2D6ABA2000DA0A73 /* Products */;
			projectDirPath = "";
			projectRoot = "";
			targets = (
				3CE9662A2D6ABA2000DA0A73 /* TideTimes */,
				3CE9663A2D6ABA2200DA0A73 /* TideTimesTests */,
				3CE966442D6ABA2200DA0A73 /* TideTimesUITests */,
			);
		};
/* End PBXProject section */

/* Begin PBXResourcesBuildPhase section */
		3CE966292D6ABA2000DA0A73 /* Resources */ = {
			isa = PBXResourcesBuildPhase;
			buildActionMask = 2147483647;
			files = (
			);
			runOnlyForDeploymentPostprocessing = 0;
		};
		3CE966392D6ABA2200DA0A73 /* Resources */ = {
			isa = PBXResourcesBuildPhase;
			buildActionMask = 2147483647;
			files = (
			);
			runOnlyForDeploymentPostprocessing = 0;
		};
		3CE966432D6ABA2200DA0A73 /* Resources */ = {
			isa = PBXResourcesBuildPhase;
			buildActionMask = 2147483647;
			files = (
			);
			runOnlyForDeploymentPostprocessing = 0;
		};
/* End PBXResourcesBuildPhase section */

/* Begin PBXSourcesBuildPhase section */
		3CE966272D6ABA2000DA0A73 /* Sources */ = {
			isa = PBXSourcesBuildPhase;
			buildActionMask = 2147483647;
			files = (
			);
			runOnlyForDeploymentPostprocessing = 0;
		};
		3CE966372D6ABA2200DA0A73 /* Sources */ = {
			isa = PBXSourcesBuildPhase;
			buildActionMask = 2147483647;
			files = (
			);
			runOnlyForDeploymentPostprocessing = 0;
		};
		3CE966412D6ABA2200DA0A73 /* Sources */ = {
			isa = PBXSourcesBuildPhase;
			buildActionMask = 2147483647;
			files = (
			);
			runOnlyForDeploymentPostprocessing = 0;
		};
/* End PBXSourcesBuildPhase section */

/* Begin PBXTargetDependency section */
		3CE9663D2D6ABA2200DA0A73 /* PBXTargetDependency */ = {
			isa = PBXTargetDependency;
			target = 3CE9662A2D6ABA2000DA0A73 /* TideTimes */;
			targetProxy = 3CE9663C2D6ABA2200DA0A73 /* PBXContainerItemProxy */;
		};
		3CE966472D6ABA2200DA0A73 /* PBXTargetDependency */ = {
			isa = PBXTargetDependency;
			target = 3CE9662A2D6ABA2000DA0A73 /* TideTimes */;
			targetProxy = 3CE966462D6ABA2200DA0A73 /* PBXContainerItemProxy */;
		};
/* End PBXTargetDependency section */

/* Begin XCBuildConfiguration section */
		3CE9664D2D6ABA2200DA0A73 /* Debug */ = {
			isa = XCBuildConfiguration;
			buildSettings = {
				ALWAYS_SEARCH_USER_PATHS = NO;
				ASSETCATALOG_COMPILER_GENERATE_SWIFT_ASSET_SYMBOL_EXTENSIONS = YES;
				CLANG_ANALYZER_NONNULL = YES;
				CLANG_ANALYZER_NUMBER_OBJECT_CONVERSION = YES_AGGRESSIVE;
				CLANG_CXX_LANGUAGE_STANDARD = "gnu++20";
				CLANG_ENABLE_MODULES = YES;
				CLANG_ENABLE_OBJC_ARC = YES;
				CLANG_ENABLE_OBJC_WEAK = YES;
				CLANG_WARN_BLOCK_CAPTURE_AUTORELEASING = YES;
				CLANG_WARN_BOOL_CONVERSION = YES;
				CLANG_WARN_COMMA = YES;
				CLANG_WARN_CONSTANT_CONVERSION = YES;
				CLANG_WARN_DEPRECATED_OBJC_IMPLEMENTATIONS = YES;
				CLANG_WARN_DIRECT_OBJC_ISA_USAGE = YES_ERROR;
				CLANG_WARN_DOCUMENTATION_COMMENTS = YES;
				CLANG_WARN_EMPTY_BODY = YES;
				CLANG_WARN_ENUM_CONVERSION = YES;
				CLANG_WARN_INFINITE_RECURSION = YES;
				CLANG_WARN_INT_CONVERSION = YES;
				CLANG_WARN_NON_LITERAL_NULL_CONVERSION = YES;
				CLANG_WARN_OBJC_IMPLICIT_RETAIN_SELF = YES;
				CLANG_WARN_OBJC_LITERAL_CONVERSION = YES;
				CLANG_WARN_OBJC_ROOT_CLASS = YES_ERROR;
				CLANG_WARN_QUOTED_INCLUDE_IN_FRAMEWORK_HEADER = YES;
				CLANG_WARN_RANGE_LOOP_ANALYSIS = YES;
				CLANG_WARN_STRICT_PROTOTYPES = YES;
				CLANG_WARN_SUSPICIOUS_MOVE = YES;
				CLANG_WARN_UNGUARDED_AVAILABILITY = YES_AGGRESSIVE;
				CLANG_WARN_UNREACHABLE_CODE = YES;
				CLANG_WARN__DUPLICATE_METHOD_MATCH = YES;
				COPY_PHASE_STRIP = NO;
				DEBUG_INFORMATION_FORMAT = dwarf;
				ENABLE_STRICT_OBJC_MSGSEND = YES;
				ENABLE_TESTABILITY = YES;
				ENABLE_USER_SCRIPT_SANDBOXING = YES;
				GCC_C_LANGUAGE_STANDARD = gnu17;
				GCC_DYNAMIC_NO_PIC = NO;
				GCC_NO_COMMON_BLOCKS = YES;
				GCC_OPTIMIZATION_LEVEL = 0;
				GCC_PREPROCESSOR_DEFINITIONS = (
					"DEBUG=1",
					"$(inherited)",
				);
				GCC_WARN_64_TO_32_BIT_CONVERSION = YES;
				GCC_WARN_ABOUT_RETURN_TYPE = YES_ERROR;
				GCC_WARN_UNDECLARED_SELECTOR = YES;
				GCC_WARN_UNINITIALIZED_AUTOS = YES_AGGRESSIVE;
				GCC_WARN_UNUSED_FUNCTION = YES;
				GCC_WARN_UNUSED_VARIABLE = YES;
				IPHONEOS_DEPLOYMENT_TARGET = 18.2;
				LOCALIZATION_PREFERS_STRING_CATALOGS = YES;
				MTL_ENABLE_DEBUG_INFO = INCLUDE_SOURCE;
				MTL_FAST_MATH = YES;
				ONLY_ACTIVE_ARCH = YES;
				SDKROOT = iphoneos;
				SWIFT_ACTIVE_COMPILATION_CONDITIONS = "DEBUG $(inherited)";
				SWIFT_OPTIMIZATION_LEVEL = "-Onone";
			};
			name = Debug;
		};
		3CE9664E2D6ABA2200DA0A73 /* Release */ = {
			isa = XCBuildConfiguration;
			buildSettings = {
				ALWAYS_SEARCH_USER_PATHS = NO;
				ASSETCATALOG_COMPILER_GENERATE_SWIFT_ASSET_SYMBOL_EXTENSIONS = YES;
				CLANG_ANALYZER_NONNULL = YES;
				CLANG_ANALYZER_NUMBER_OBJECT_CONVERSION = YES_AGGRESSIVE;
				CLANG_CXX_LANGUAGE_STANDARD = "gnu++20";
				CLANG_ENABLE_MODULES = YES;
				CLANG_ENABLE_OBJC_ARC = YES;
				CLANG_ENABLE_OBJC_WEAK = YES;
				CLANG_WARN_BLOCK_CAPTURE_AUTORELEASING = YES;
				CLANG_WARN_BOOL_CONVERSION = YES;
				CLANG_WARN_COMMA = YES;
				CLANG_WARN_CONSTANT_CONVERSION = YES;
				CLANG_WARN_DEPRECATED_OBJC_IMPLEMENTATIONS = YES;
				CLANG_WARN_DIRECT_OBJC_ISA_USAGE = YES_ERROR;
				CLANG_WARN_DOCUMENTATION_COMMENTS = YES;
				CLANG_WARN_EMPTY_BODY = YES;
				CLANG_WARN_ENUM_CONVERSION = YES;
				CLANG_WARN_INFINITE_RECURSION = YES;
				CLANG_WARN_INT_CONVERSION = YES;
				CLANG_WARN_NON_LITERAL_NULL_CONVERSION = YES;
				CLANG_WARN_OBJC_IMPLICIT_RETAIN_SELF = YES;
				CLANG_WARN_OBJC_LITERAL_CONVERSION = YES;
				CLANG_WARN_OBJC_ROOT_CLASS = YES_ERROR;
				CLANG_WARN_QUOTED_INCLUDE_IN_FRAMEWORK_HEADER = YES;
				CLANG_WARN_RANGE_LOOP_ANALYSIS = YES;
				CLANG_WARN_STRICT_PROTOTYPES = YES;
				CLANG_WARN_SUSPICIOUS_MOVE = YES;
				CLANG_WARN_UNGUARDED_AVAILABILITY = YES_AGGRESSIVE;
				CLANG_WARN_UNREACHABLE_CODE = YES;
				CLANG_WARN__DUPLICATE_METHOD_MATCH = YES;
				COPY_PHASE_STRIP = NO;
				DEBUG_INFORMATION_FORMAT = "dwarf-with-dsym";
				ENABLE_NS_ASSERTIONS = NO;
				ENABLE_STRICT_OBJC_MSGSEND = YES;
				ENABLE_USER_SCRIPT_SANDBOXING = YES;
				GCC_C_LANGUAGE_STANDARD = gnu17;
				GCC_NO_COMMON_BLOCKS = YES;
				GCC_WARN_64_TO_32_BIT_CONVERSION = YES;
				GCC_WARN_ABOUT_RETURN_TYPE = YES_ERROR;
				GCC_WARN_UNDECLARED_SELECTOR = YES;
				GCC_WARN_UNINITIALIZED_AUTOS = YES_AGGRESSIVE;
				GCC_WARN_UNUSED_FUNCTION = YES;
				GCC_WARN_UNUSED_VARIABLE = YES;
				IPHONEOS_DEPLOYMENT_TARGET = 18.2;
				LOCALIZATION_PREFERS_STRING_CATALOGS = YES;
				MTL_ENABLE_DEBUG_INFO = NO;
				MTL_FAST_MATH = YES;
				SDKROOT = iphoneos;
				SWIFT_COMPILATION_MODE = wholemodule;
				VALIDATE_PRODUCT = YES;
			};
			name = Release;
		};
		3CE966502D6ABA2200DA0A73 /* Debug */ = {
			isa = XCBuildConfiguration;
			buildSettings = {
				ASSETCATALOG_COMPILER_APPICON_NAME = AppIcon;
				ASSETCATALOG_COMPILER_GLOBAL_ACCENT_COLOR_NAME = AccentColor;
				CODE_SIGN_STYLE = Automatic;
				CURRENT_PROJECT_VERSION = 1;
				DEVELOPMENT_ASSET_PATHS = "\"TideTimes/Preview Content\"";
				DEVELOPMENT_TEAM = FRJQ8CRUH8;
				ENABLE_PREVIEWS = YES;
				GENERATE_INFOPLIST_FILE = YES;
				INFOPLIST_KEY_UIApplicationSceneManifest_Generation = YES;
				INFOPLIST_KEY_UIApplicationSupportsIndirectInputEvents = YES;
				INFOPLIST_KEY_UILaunchScreen_Generation = YES;
				INFOPLIST_KEY_UISupportedInterfaceOrientations_iPad = "UIInterfaceOrientationPortrait UIInterfaceOrientationPortraitUpsideDown UIInterfaceOrientationLandscapeLeft UIInterfaceOrientationLandscapeRight";
				INFOPLIST_KEY_UISupportedInterfaceOrientations_iPhone = "UIInterfaceOrientationPortrait UIInterfaceOrientationLandscapeLeft UIInterfaceOrientationLandscapeRight";
				LD_RUNPATH_SEARCH_PATHS = (
					"$(inherited)",
					"@executable_path/Frameworks",
				);
				MARKETING_VERSION = 1.0;
				PRODUCT_BUNDLE_IDENTIFIER = com.primecomputinglab.TideTimes;
				PRODUCT_NAME = "$(TARGET_NAME)";
				SWIFT_EMIT_LOC_STRINGS = YES;
				SWIFT_VERSION = 5.0;
				TARGETED_DEVICE_FAMILY = "1,2";
			};
			name = Debug;
		};
		3CE966512D6ABA2200DA0A73 /* Release */ = {
			isa = XCBuildConfiguration;
			buildSettings = {
				ASSETCATALOG_COMPILER_APPICON_NAME = AppIcon;
				ASSETCATALOG_COMPILER_GLOBAL_ACCENT_COLOR_NAME = AccentColor;
				CODE_SIGN_STYLE = Automatic;
				CURRENT_PROJECT_VERSION = 1;
				DEVELOPMENT_ASSET_PATHS = "\"TideTimes/Preview Content\"";
				DEVELOPMENT_TEAM = FRJQ8CRUH8;
				ENABLE_PREVIEWS = YES;
				GENERATE_INFOPLIST_FILE = YES;
				INFOPLIST_KEY_UIApplicationSceneManifest_Generation = YES;
				INFOPLIST_KEY_UIApplicationSupportsIndirectInputEvents = YES;
				INFOPLIST_KEY_UILaunchScreen_Generation = YES;
				INFOPLIST_KEY_UISupportedInterfaceOrientations_iPad = "UIInterfaceOrientationPortrait UIInterfaceOrientationPortraitUpsideDown UIInterfaceOrientationLandscapeLeft UIInterfaceOrientationLandscapeRight";
				INFOPLIST_KEY_UISupportedInterfaceOrientations_iPhone = "UIInterfaceOrientationPortrait UIInterfaceOrientationLandscapeLeft UIInterfaceOrientationLandscapeRight";
				LD_RUNPATH_SEARCH_PATHS = (
					"$(inherited)",
					"@executable_path/Frameworks",
				);
				MARKETING_VERSION = 1.0;
				PRODUCT_BUNDLE_IDENTIFIER = com.primecomputinglab.TideTimes;
				PRODUCT_NAME = "$(TARGET_NAME)";
				SWIFT_EMIT_LOC_STRINGS = YES;
				SWIFT_VERSION = 5.0;
				TARGETED_DEVICE_FAMILY = "1,2";
			};
			name = Release;
		};
		3CE966532D6ABA2200DA0A73 /* Debug */ = {
			isa = XCBuildConfiguration;
			buildSettings = {
				BUNDLE_LOADER = "$(TEST_HOST)";
				CODE_SIGN_STYLE = Automatic;
				CURRENT_PROJECT_VERSION = 1;
				DEVELOPMENT_TEAM = FRJQ8CRUH8;
				GENERATE_INFOPLIST_FILE = YES;
				IPHONEOS_DEPLOYMENT_TARGET = 18.2;
				MARKETING_VERSION = 1.0;
				PRODUCT_BUNDLE_IDENTIFIER = com.primecomputinglab.TideTimesTests;
				PRODUCT_NAME = "$(TARGET_NAME)";
				SWIFT_EMIT_LOC_STRINGS = NO;
				SWIFT_VERSION = 5.0;
				TARGETED_DEVICE_FAMILY = "1,2";
				TEST_HOST = "$(BUILT_PRODUCTS_DIR)/TideTimes.app/$(BUNDLE_EXECUTABLE_FOLDER_PATH)/TideTimes";
			};
			name = Debug;
		};
		3CE966542D6ABA2200DA0A73 /* Release */ = {
			isa = XCBuildConfiguration;
			buildSettings = {
				BUNDLE_LOADER = "$(TEST_HOST)";
				CODE_SIGN_STYLE = Automatic;
				CURRENT_PROJECT_VERSION = 1;
				DEVELOPMENT_TEAM = FRJQ8CRUH8;
				GENERATE_INFOPLIST_FILE = YES;
				IPHONEOS_DEPLOYMENT_TARGET = 18.2;
				MARKETING_VERSION = 1.0;
				PRODUCT_BUNDLE_IDENTIFIER = com.primecomputinglab.TideTimesTests;
				PRODUCT_NAME = "$(TARGET_NAME)";
				SWIFT_EMIT_LOC_STRINGS = NO;
				SWIFT_VERSION = 5.0;
				TARGETED_DEVICE_FAMILY = "1,2";
				TEST_HOST = "$(BUILT_PRODUCTS_DIR)/TideTimes.app/$(BUNDLE_EXECUTABLE_FOLDER_PATH)/TideTimes";
			};
			name = Release;
		};
		3CE966562D6ABA2200DA0A73 /* Debug */ = {
			isa = XCBuildConfiguration;
			buildSettings = {
				CODE_SIGN_STYLE = Automatic;
				CURRENT_PROJECT_VERSION = 1;
				DEVELOPMENT_TEAM = FRJQ8CRUH8;
				GENERATE_INFOPLIST_FILE = YES;
				MARKETING_VERSION = 1.0;
				PRODUCT_BUNDLE_IDENTIFIER = com.primecomputinglab.TideTimesUITests;
				PRODUCT_NAME = "$(TARGET_NAME)";
				SWIFT_EMIT_LOC_STRINGS = NO;
				SWIFT_VERSION = 5.0;
				TARGETED_DEVICE_FAMILY = "1,2";
				TEST_TARGET_NAME = TideTimes;
			};
			name = Debug;
		};
		3CE966572D6ABA2200DA0A73 /* Release */ = {
			isa = XCBuildConfiguration;
			buildSettings = {
				CODE_SIGN_STYLE = Automatic;
				CURRENT_PROJECT_VERSION = 1;
				DEVELOPMENT_TEAM = FRJQ8CRUH8;
				GENERATE_INFOPLIST_FILE = YES;
				MARKETING_VERSION = 1.0;
				PRODUCT_BUNDLE_IDENTIFIER = com.primecomputinglab.TideTimesUITests;
				PRODUCT_NAME = "$(TARGET_NAME)";
				SWIFT_EMIT_LOC_STRINGS = NO;
				SWIFT_VERSION = 5.0;
				TARGETED_DEVICE_FAMILY = "1,2";
				TEST_TARGET_NAME = TideTimes;
			};
			name = Release;
		};
/* End XCBuildConfiguration section */

/* Begin XCConfigurationList section */
		3CE966262D6ABA2000DA0A73 /* Build configuration list for PBXProject "TideTimes" */ = {
			isa = XCConfigurationList;
			buildConfigurations = (
				3CE9664D2D6ABA2200DA0A73 /* Debug */,
				3CE9664E2D6ABA2200DA0A73 /* Release */,
			);
			defaultConfigurationIsVisible = 0;
			defaultConfigurationName = Release;
		};
		3CE9664F2D6ABA2200DA0A73 /* Build configuration list for PBXNativeTarget "TideTimes" */ = {
			isa = XCConfigurationList;
			buildConfigurations = (
				3CE966502D6ABA2200DA0A73 /* Debug */,
				3CE966512D6ABA2200DA0A73 /* Release */,
			);
			defaultConfigurationIsVisible = 0;
			defaultConfigurationName = Release;
		};
		3CE966522D6ABA2200DA0A73 /* Build configuration list for PBXNativeTarget "TideTimesTests" */ = {
			isa = XCConfigurationList;
			buildConfigurations = (
				3CE966532D6ABA2200DA0A73 /* Debug */,
				3CE966542D6ABA2200DA0A73 /* Release */,
			);
			defaultConfigurationIsVisible = 0;
			defaultConfigurationName = Release;
		};
		3CE966552D6ABA2200DA0A73 /* Build configuration list for PBXNativeTarget "TideTimesUITests" */ = {
			isa = XCConfigurationList;
			buildConfigurations = (
				3CE966562D6ABA2200DA0A73 /* Debug */,
				3CE966572D6ABA2200DA0A73 /* Release */,
			);
			defaultConfigurationIsVisible = 0;
			defaultConfigurationName = Release;
		};
/* End XCConfigurationList section */
	};
	rootObject = 3CE966232D6ABA2000DA0A73 /* Project object */;
}
